
Microsoft Visual Studio Solution File, Format Version 12.00
# Visual Studio Version 17
VisualStudioVersion = 17.3.32819.101
MinimumVisualStudioVersion = 10.0.40219.1
Project("{FAE04EC0-301F-11D3-BF4B-00C04F79EFBC}") = "BEComentario", "BEComentario\BEComentario.csproj", "{8775E1F3-5D18-4B76-A7F6-FF6125C846EB}"
EndProject
Global
	GlobalSection(SolutionConfigurationPlatforms) = preSolution
		Debug|Any CPU = Debug|Any CPU
		Release|Any CPU = Release|Any CPU
	EndGlobalSection
	GlobalSection(ProjectConfigurationPlatforms) = postSolution
		{8775E1F3-5D18-4B76-A7F6-FF6125C846EB}.Debug|Any CPU.ActiveCfg = Debug|Any CPU
		{8775E1F3-5D18-4B76-A7F6-FF6125C846EB}.Debug|Any CPU.Build.0 = Debug|Any CPU
		{8775E1F3-5D18-4B76-A7F6-FF6125C846EB}.Release|Any CPU.ActiveCfg = Release|Any CPU
		{8775E1F3-5D18-4B76-A7F6-FF6125C846EB}.Release|Any CPU.Build.0 = Release|Any CPU
	EndGlobalSection
	GlobalSection(SolutionProperties) = preSolution
		HideSolutionNode = FALSE
	EndGlobalSection
	GlobalSection(ExtensibilityGlobals) = postSolution
		SolutionGuid = {EEBFDD6E-A980-4DB5-9A6B-B7382AAAC2FB}
	EndGlobalSection
EndGlobal
